
Microsoft Visual Studio Solution File, Format Version 12.00
# Visual Studio Version 17
VisualStudioVersion = 17.7.34009.444
MinimumVisualStudioVersion = 10.0.40219.1
Project("{FAE04EC0-301F-11D3-BF4B-00C04F79EFBC}") = "TehtavaB6", "TehtavaB6.csproj", "{30D46277-F6BA-4A25-9209-4D07F415CAFA}"
EndProject
Global
	GlobalSection(SolutionConfigurationPlatforms) = preSolution
		Debug|Any CPU = Debug|Any CPU
		Release|Any CPU = Release|Any CPU
	EndGlobalSection
	GlobalSection(ProjectConfigurationPlatforms) = postSolution
		{30D46277-F6BA-4A25-9209-4D07F415CAFA}.Debug|Any CPU.ActiveCfg = Debug|Any CPU
		{30D46277-F6BA-4A25-9209-4D07F415CAFA}.Debug|Any CPU.Build.0 = Debug|Any CPU
		{30D46277-F6BA-4A25-9209-4D07F415CAFA}.Release|Any CPU.ActiveCfg = Release|Any CPU
		{30D46277-F6BA-4A25-9209-4D07F415CAFA}.Release|Any CPU.Build.0 = Release|Any CPU
	EndGlobalSection
	GlobalSection(SolutionProperties) = preSolution
		HideSolutionNode = FALSE
	EndGlobalSection
	GlobalSection(ExtensibilityGlobals) = postSolution
		SolutionGuid = {BF5A9E5E-CE78-4EB1-8FA6-A6C8F623E944}
	EndGlobalSection
EndGlobal
